{
  "requires": true,
  "lockfileVersion": 1,
  "dependencies": {
    "@antora/cli": {
      "version": "2.2.0",
      "resolved": "https://registry.npmjs.org/@antora/cli/-/cli-2.2.0.tgz",
      "integrity": "sha512-/fQDYEMypZbC8LxpZak/3nsP8Rr3voXXvxSan/718uDJUHFwq1rHl9Y/pOoE/tRs0Qv1jtDvk2eZgFDlsMMmlQ==",
      "requires": {
        "@antora/playbook-builder": "2.2.0",
        "commander": "~3.0"
      }
    },
    "@antora/playbook-builder": {
      "version": "2.2.0",
      "resolved": "https://registry.npmjs.org/@antora/playbook-builder/-/playbook-builder-2.2.0.tgz",
      "integrity": "sha512-GIbkyCnwdTJVHYwSEG4d6Px2Uh/zBiwLXK7zGsaMY4/DmbYBKzNK4xpt7fHXvIw2IyH9GA1XRQ7+vpBSg8VP8w==",
      "requires": {
        "@iarna/toml": "~2.2",
        "camelcase-keys": "~6.1",
        "convict": "~5.2",
        "deep-freeze-node": "~1.1",
        "js-yaml": "~3.13",
        "json5": "~2.1"
      }
    },
    "@iarna/toml": {
      "version": "2.2.5",
      "resolved": "https://registry.npmjs.org/@iarna/toml/-/toml-2.2.5.tgz",
      "integrity": "sha512-trnsAYxU3xnS1gPHPyU961coFyLkh4gAD/0zQ5mymY4yOZ+CYvsPqUbOFSw0aDM4y0tV7tiFxL/1XfXPNC6IPg=="
    },
    "argparse": {
      "version": "1.0.10",
      "resolved": "https://registry.npmjs.org/argparse/-/argparse-1.0.10.tgz",
      "integrity": "sha512-o5Roy6tNG4SL/FOkCAN6RzjiakZS25RLYFrcMttJqbdd8BWrnA+fGz57iN5Pb06pvBGvl5gQ0B48dJlslXvoTg==",
      "requires": {
        "sprintf-js": "~1.0.2"
      }
    },
    "camelcase": {
      "version": "5.3.1",
      "resolved": "https://registry.npmjs.org/camelcase/-/camelcase-5.3.1.tgz",
      "integrity": "sha512-L28STB170nwWS63UjtlEOE3dldQApaJXZkOI1uMFfzf3rRuPegHaHesyee+YxQ+W6SvRDQV6UrdOdRiR153wJg=="
    },
    "camelcase-keys": {
      "version": "6.1.2",
      "resolved": "https://registry.npmjs.org/camelcase-keys/-/camelcase-keys-6.1.2.tgz",
      "integrity": "sha512-QfFrU0CIw2oltVvpndW32kuJ/9YOJwUnmWrjlXt1nnJZHCaS9i6bfOpg9R4Lw8aZjStkJWM+jc0cdXjWBgVJSw==",
      "requires": {
        "camelcase": "^5.3.1",
        "map-obj": "^4.0.0",
        "quick-lru": "^4.0.1"
      }
    },
    "commander": {
      "version": "3.0.2",
      "resolved": "https://registry.npmjs.org/commander/-/commander-3.0.2.tgz",
      "integrity": "sha512-Gar0ASD4BDyKC4hl4DwHqDrmvjoxWKZigVnAbn5H1owvm4CxCPdb0HQDehwNYMJpla5+M2tPmPARzhtYuwpHow=="
    },
    "convict": {
      "version": "5.2.0",
      "resolved": "https://registry.npmjs.org/convict/-/convict-5.2.0.tgz",
      "integrity": "sha512-C3cdUwo47cCikZNzu5Vv8AL0MuXVVeg9t/Gyr9qyK5ZpCjOkMPmJ85KUF3CowNeSfj4UtztHxS+hoO9wGRh6kg==",
      "requires": {
        "json5": "2.1.0",
        "lodash.clonedeep": "4.5.0",
        "moment": "2.24.0",
        "validator": "11.1.0",
        "yargs-parser": "13.0.0"
      },
      "dependencies": {
        "json5": {
          "version": "2.1.0",
          "resolved": "https://registry.npmjs.org/json5/-/json5-2.1.0.tgz",
          "integrity": "sha512-8Mh9h6xViijj36g7Dxi+Y4S6hNGV96vcJZr/SrlHh1LR/pEn/8j/+qIBbs44YKl69Lrfctp4QD+AdWLTMqEZAQ==",
          "requires": {
            "minimist": "^1.2.0"
          }
        }
      }
    },
    "decamelize": {
      "version": "1.2.0",
      "resolved": "https://registry.npmjs.org/decamelize/-/decamelize-1.2.0.tgz",
      "integrity": "sha1-9lNNFRSCabIDUue+4m9QH5oZEpA="
    },
    "deep-freeze-node": {
      "version": "1.1.3",
      "resolved": "https://registry.npmjs.org/deep-freeze-node/-/deep-freeze-node-1.1.3.tgz",
      "integrity": "sha512-CrA+1BVGfs9ZrGFMYtHfFHncWivh9XPb+6g8bLOzYPJmW8FmUs1dXLjALzU1SMqOMdoD5pQJARXtzxfeLqE9HQ=="
    },
    "esprima": {
      "version": "4.0.1",
      "resolved": "https://registry.npmjs.org/esprima/-/esprima-4.0.1.tgz",
      "integrity": "sha512-eGuFFw7Upda+g4p+QHvnW0RyTX/SVeJBDM/gCtMARO0cLuT2HcEKnTPvhjV6aGeqrCB/sbNop0Kszm0jsaWU4A=="
    },
    "js-yaml": {
      "version": "3.13.1",
      "resolved": "https://registry.npmjs.org/js-yaml/-/js-yaml-3.13.1.tgz",
      "integrity": "sha512-YfbcO7jXDdyj0DGxYVSlSeQNHbD7XPWvrVWeVUujrQEoZzWJIRrCPoyk6kL6IAjAG2IolMK4T0hNUe0HOUs5Jw==",
      "requires": {
        "argparse": "^1.0.7",
        "esprima": "^4.0.0"
      }
    },
    "json5": {
      "version": "2.1.3",
      "resolved": "https://registry.npmjs.org/json5/-/json5-2.1.3.tgz",
      "integrity": "sha512-KXPvOm8K9IJKFM0bmdn8QXh7udDh1g/giieX0NLCaMnb4hEiVFqnop2ImTXCc5e0/oHz3LTqmHGtExn5hfMkOA==",
      "requires": {
        "minimist": "^1.2.5"
      }
    },
    "lodash.clonedeep": {
      "version": "4.5.0",
      "resolved": "https://registry.npmjs.org/lodash.clonedeep/-/lodash.clonedeep-4.5.0.tgz",
      "integrity": "sha1-4j8/nE+Pvd6HJSnBBxhXoIblzO8="
    },
    "map-obj": {
      "version": "4.1.0",
      "resolved": "https://registry.npmjs.org/map-obj/-/map-obj-4.1.0.tgz",
      "integrity": "sha512-glc9y00wgtwcDmp7GaE/0b0OnxpNJsVf3ael/An6Fe2Q51LLwN1er6sdomLRzz5h0+yMpiYLhWYF5R7HeqVd4g=="
    },
    "minimist": {
      "version": "1.2.5",
      "resolved": "https://registry.npmjs.org/minimist/-/minimist-1.2.5.tgz",
      "integrity": "sha512-FM9nNUYrRBAELZQT3xeZQ7fmMOBg6nWNmJKTcgsJeaLstP/UODVpGsr5OhXhhXg6f+qtJ8uiZ+PUxkDWcgIXLw=="
    },
    "moment": {
      "version": "2.24.0",
      "resolved": "https://registry.npmjs.org/moment/-/moment-2.24.0.tgz",
      "integrity": "sha512-bV7f+6l2QigeBBZSM/6yTNq4P2fNpSWj/0e7jQcy87A8e7o2nAfP/34/2ky5Vw4B9S446EtIhodAzkFCcR4dQg=="
    },
    "quick-lru": {
      "version": "4.0.1",
      "resolved": "https://registry.npmjs.org/quick-lru/-/quick-lru-4.0.1.tgz",
      "integrity": "sha512-ARhCpm70fzdcvNQfPoy49IaanKkTlRWF2JMzqhcJbhSFRZv7nPTvZJdcY7301IPmvW+/p0RgIWnQDLJxifsQ7g=="
    },
    "sprintf-js": {
      "version": "1.0.3",
      "resolved": "https://registry.npmjs.org/sprintf-js/-/sprintf-js-1.0.3.tgz",
      "integrity": "sha1-BOaSb2YolTVPPdAVIDYzuFcpfiw="
    },
    "validator": {
      "version": "11.1.0",
      "resolved": "https://registry.npmjs.org/validator/-/validator-11.1.0.tgz",
      "integrity": "sha512-qiQ5ktdO7CD6C/5/mYV4jku/7qnqzjrxb3C/Q5wR3vGGinHTgJZN/TdFT3ZX4vXhX2R1PXx42fB1cn5W+uJ4lg=="
    },
    "yargs-parser": {
      "version": "13.0.0",
      "resolved": "https://registry.npmjs.org/yargs-parser/-/yargs-parser-13.0.0.tgz",
      "integrity": "sha512-w2LXjoL8oRdRQN+hOyppuXs+V/fVAYtpcrRxZuF7Kt/Oc+Jr2uAcVntaUTNT6w5ihoWfFDpNY8CPx1QskxZ/pw==",
      "requires": {
        "camelcase": "^5.0.0",
        "decamelize": "^1.2.0"
      }
    }
  }
}
